
Microsoft Visual Studio Solution File, Format Version 12.00
# Visual Studio 14
VisualStudioVersion = 14.0.25420.1
MinimumVisualStudioVersion = 10.0.40219.1
Project("{FAE04EC0-301F-11D3-BF4B-00C04F79EFBC}") = "OsmSharp", "OsmSharp\OsmSharp.csproj", "{D012B6E6-9F78-40FD-8A33-6A2A35DF2A8C}"
EndProject
Project("{FAE04EC0-301F-11D3-BF4B-00C04F79EFBC}") = "OsmSharp.Test", "OsmSharp.Test\OsmSharp.Test.csproj", "{F018F0C6-769A-49B3-84EF-3CA6533B4315}"
EndProject
Project("{FAE04EC0-301F-11D3-BF4B-00C04F79EFBC}") = "OsmSharp.Geo", "OsmSharp.Geo\OsmSharp.Geo.csproj", "{64125517-DCD0-4690-B2D3-341A5768BE9E}"
EndProject
Project("{2150E333-8FDC-42A3-9474-1A3956D46DE8}") = "samples", "samples", "{475D2F68-178D-45BA-8F81-8B3912937C51}"
EndProject
Project("{FAE04EC0-301F-11D3-BF4B-00C04F79EFBC}") = "Sample.Filter", "samples\Sample.Filter\Sample.Filter.csproj", "{BC76FEEF-703E-45F1-9295-F1F39E794341}"
EndProject
Project("{FAE04EC0-301F-11D3-BF4B-00C04F79EFBC}") = "Sample.GeometryStream", "samples\Sample.GeometryStream\Sample.GeometryStream.csproj", "{CD14F3AC-DD57-4A4C-9D5F-3725D199CAC5}"
EndProject
Project("{FAE04EC0-301F-11D3-BF4B-00C04F79EFBC}") = "Sample.CompleteStream", "samples\Sample.CompleteStream\Sample.CompleteStream.csproj", "{AC182A8A-4341-4673-AD91-CA099ABBA7EE}"
EndProject
Project("{FAE04EC0-301F-11D3-BF4B-00C04F79EFBC}") = "Sample.GeoFilter", "samples\Sample.GeoFilter\Sample.GeoFilter.csproj", "{7B122809-C213-4875-8FDE-9823440F0A0A}"
EndProject
Global
	GlobalSection(SolutionConfigurationPlatforms) = preSolution
		Debug|Any CPU = Debug|Any CPU
		Release|Any CPU = Release|Any CPU
	EndGlobalSection
	GlobalSection(ProjectConfigurationPlatforms) = postSolution
		{D012B6E6-9F78-40FD-8A33-6A2A35DF2A8C}.Debug|Any CPU.ActiveCfg = Debug|Any CPU
		{D012B6E6-9F78-40FD-8A33-6A2A35DF2A8C}.Debug|Any CPU.Build.0 = Debug|Any CPU
		{D012B6E6-9F78-40FD-8A33-6A2A35DF2A8C}.Release|Any CPU.ActiveCfg = Release|Any CPU
		{D012B6E6-9F78-40FD-8A33-6A2A35DF2A8C}.Release|Any CPU.Build.0 = Release|Any CPU
		{F018F0C6-769A-49B3-84EF-3CA6533B4315}.Debug|Any CPU.ActiveCfg = Debug|Any CPU
		{F018F0C6-769A-49B3-84EF-3CA6533B4315}.Debug|Any CPU.Build.0 = Debug|Any CPU
		{F018F0C6-769A-49B3-84EF-3CA6533B4315}.Release|Any CPU.ActiveCfg = Release|Any CPU
		{F018F0C6-769A-49B3-84EF-3CA6533B4315}.Release|Any CPU.Build.0 = Release|Any CPU
		{64125517-DCD0-4690-B2D3-341A5768BE9E}.Debug|Any CPU.ActiveCfg = Debug|Any CPU
		{64125517-DCD0-4690-B2D3-341A5768BE9E}.Debug|Any CPU.Build.0 = Debug|Any CPU
		{64125517-DCD0-4690-B2D3-341A5768BE9E}.Release|Any CPU.ActiveCfg = Release|Any CPU
		{64125517-DCD0-4690-B2D3-341A5768BE9E}.Release|Any CPU.Build.0 = Release|Any CPU
		{BC76FEEF-703E-45F1-9295-F1F39E794341}.Debug|Any CPU.ActiveCfg = Debug|Any CPU
		{BC76FEEF-703E-45F1-9295-F1F39E794341}.Debug|Any CPU.Build.0 = Debug|Any CPU
		{BC76FEEF-703E-45F1-9295-F1F39E794341}.Release|Any CPU.ActiveCfg = Release|Any CPU
		{BC76FEEF-703E-45F1-9295-F1F39E794341}.Release|Any CPU.Build.0 = Release|Any CPU
		{CD14F3AC-DD57-4A4C-9D5F-3725D199CAC5}.Debug|Any CPU.ActiveCfg = Debug|Any CPU
		{CD14F3AC-DD57-4A4C-9D5F-3725D199CAC5}.Debug|Any CPU.Build.0 = Debug|Any CPU
		{CD14F3AC-DD57-4A4C-9D5F-3725D199CAC5}.Release|Any CPU.ActiveCfg = Release|Any CPU
		{CD14F3AC-DD57-4A4C-9D5F-3725D199CAC5}.Release|Any CPU.Build.0 = Release|Any CPU
		{AC182A8A-4341-4673-AD91-CA099ABBA7EE}.Debug|Any CPU.ActiveCfg = Debug|Any CPU
		{AC182A8A-4341-4673-AD91-CA099ABBA7EE}.Debug|Any CPU.Build.0 = Debug|Any CPU
		{AC182A8A-4341-4673-AD91-CA099ABBA7EE}.Release|Any CPU.ActiveCfg = Release|Any CPU
		{AC182A8A-4341-4673-AD91-CA099ABBA7EE}.Release|Any CPU.Build.0 = Release|Any CPU
		{7B122809-C213-4875-8FDE-9823440F0A0A}.Debug|Any CPU.ActiveCfg = Debug|Any CPU
		{7B122809-C213-4875-8FDE-9823440F0A0A}.Debug|Any CPU.Build.0 = Debug|Any CPU
		{7B122809-C213-4875-8FDE-9823440F0A0A}.Release|Any CPU.ActiveCfg = Release|Any CPU
		{7B122809-C213-4875-8FDE-9823440F0A0A}.Release|Any CPU.Build.0 = Release|Any CPU
	EndGlobalSection
	GlobalSection(SolutionProperties) = preSolution
		HideSolutionNode = FALSE
	EndGlobalSection
	GlobalSection(NestedProjects) = preSolution
		{BC76FEEF-703E-45F1-9295-F1F39E794341} = {475D2F68-178D-45BA-8F81-8B3912937C51}
		{CD14F3AC-DD57-4A4C-9D5F-3725D199CAC5} = {475D2F68-178D-45BA-8F81-8B3912937C51}
		{AC182A8A-4341-4673-AD91-CA099ABBA7EE} = {475D2F68-178D-45BA-8F81-8B3912937C51}
		{7B122809-C213-4875-8FDE-9823440F0A0A} = {475D2F68-178D-45BA-8F81-8B3912937C51}
	EndGlobalSection
	GlobalSection(MonoDevelopProperties) = preSolution
		StartupItem = OsmSharp.WinForms.UI.Sample\OsmSharp.WinForms.UI.Sample.csproj
	EndGlobalSection
EndGlobal
