
Microsoft Visual Studio Solution File, Format Version 12.00
# Visual Studio 14
VisualStudioVersion = 14.0.24720.0
MinimumVisualStudioVersion = 10.0.40219.1
Project("{FAE04EC0-301F-11D3-BF4B-00C04F79EFBC}") = "OsmSharp", "OsmSharp\OsmSharp.csproj", "{D012B6E6-9F78-40FD-8A33-6A2A35DF2A8C}"
EndProject
Project("{FAE04EC0-301F-11D3-BF4B-00C04F79EFBC}") = "OsmSharp.Test", "OsmSharp.Test\OsmSharp.Test.csproj", "{F018F0C6-769A-49B3-84EF-3CA6533B4315}"
EndProject
Global
	GlobalSection(SolutionConfigurationPlatforms) = preSolution
		Debug|Any CPU = Debug|Any CPU
		Release|Any CPU = Release|Any CPU
	EndGlobalSection
	GlobalSection(ProjectConfigurationPlatforms) = postSolution
		{D012B6E6-9F78-40FD-8A33-6A2A35DF2A8C}.Debug|Any CPU.ActiveCfg = Debug|Any CPU
		{D012B6E6-9F78-40FD-8A33-6A2A35DF2A8C}.Debug|Any CPU.Build.0 = Debug|Any CPU
		{D012B6E6-9F78-40FD-8A33-6A2A35DF2A8C}.Release|Any CPU.ActiveCfg = Release|Any CPU
		{D012B6E6-9F78-40FD-8A33-6A2A35DF2A8C}.Release|Any CPU.Build.0 = Release|Any CPU
		{F018F0C6-769A-49B3-84EF-3CA6533B4315}.Debug|Any CPU.ActiveCfg = Debug|Any CPU
		{F018F0C6-769A-49B3-84EF-3CA6533B4315}.Debug|Any CPU.Build.0 = Debug|Any CPU
		{F018F0C6-769A-49B3-84EF-3CA6533B4315}.Release|Any CPU.ActiveCfg = Release|Any CPU
		{F018F0C6-769A-49B3-84EF-3CA6533B4315}.Release|Any CPU.Build.0 = Release|Any CPU
	EndGlobalSection
	GlobalSection(SolutionProperties) = preSolution
		HideSolutionNode = FALSE
	EndGlobalSection
	GlobalSection(MonoDevelopProperties) = preSolution
		StartupItem = OsmSharp.WinForms.UI.Sample\OsmSharp.WinForms.UI.Sample.csproj
	EndGlobalSection
EndGlobal
